# This file was autogenerated by uv via the following command:
#    uv pip compile pyproject.toml --extra ml --extra simulation --extra llm --universal --python-version 3.10 -o requirements.lock
aiohappyeyeballs==2.7.1
    # via aiohttp
aiohttp==3.14.1
    # via bittensor
aiosignal==1.4.0
    # via aiohttp
aiosqlite==0.22.1
    # via async-substrate-interface
annotated-doc==0.0.4
    # via fastapi
annotated-types==0.7.0
    # via pydantic
anthropic==0.117.0
    # via aurelius-protocol (pyproject.toml)
anyio==4.14.2
    # via
    #   anthropic
    #   httpx
    #   openai
    #   starlette
async-substrate-interface==2.2.1
    # via bittensor
async-timeout==5.0.1 ; python_full_version < '3.11'
    # via aiohttp
asyncstdlib==3.13.3
    # via bittensor
attrs==26.1.0
    # via
    #   aiohttp
    #   jsonschema
    #   referencing
bittensor==10.5.0
    # via aurelius-protocol (pyproject.toml)
bittensor-drand==2.0.0
    # via bittensor
bittensor-wallet==4.1.1
    # via
    #   aurelius-protocol (pyproject.toml)
    #   bittensor
certifi==2026.6.17
    # via
    #   httpcore
    #   httpx
    #   requests
charset-normalizer==3.4.9
    # via requests
click==8.4.2
    # via uvicorn
colorama==0.4.6
    # via
    #   bittensor
    #   click
    #   tqdm
cuda-bindings==13.3.1 ; python_full_version < '3.15' and sys_platform == 'linux'
    # via torch
cuda-pathfinder==1.5.6 ; python_full_version < '3.15' and sys_platform == 'linux'
    # via cuda-bindings
cuda-toolkit==13.0.3.0 ; sys_platform == 'linux'
    # via torch
cyscale==0.5.0
    # via
    #   async-substrate-interface
    #   bittensor
decorator==5.3.1
    # via retry
distro==1.9.0
    # via
    #   anthropic
    #   openai
docker==7.2.0
    # via aurelius-protocol (pyproject.toml)
docstring-parser==0.18.0
    # via anthropic
exceptiongroup==1.3.1 ; python_full_version < '3.11'
    # via anyio
faiss-cpu==1.14.3
    # via aurelius-protocol (pyproject.toml)
fastapi==0.139.2
    # via bittensor
filelock==3.30.3
    # via
    #   huggingface-hub
    #   torch
    #   transformers
frozenlist==1.8.0
    # via
    #   aiohttp
    #   aiosignal
fsspec==2026.6.0
    # via
    #   huggingface-hub
    #   torch
h11==0.16.0
    # via
    #   httpcore
    #   uvicorn
hf-xet==1.5.2 ; platform_machine == 'aarch64' or platform_machine == 'amd64' or platform_machine == 'arm64' or platform_machine == 'x86_64'
    # via huggingface-hub
httpcore==1.0.9
    # via httpx
httpx==0.28.1
    # via
    #   aurelius-protocol (pyproject.toml)
    #   anthropic
    #   openai
huggingface-hub==0.36.2
    # via
    #   sentence-transformers
    #   tokenizers
    #   transformers
idna==3.18
    # via
    #   anyio
    #   httpx
    #   requests
    #   yarl
jinja2==3.1.6
    # via torch
jiter==0.16.0
    # via
    #   anthropic
    #   openai
joblib==1.5.3
    # via scikit-learn
jsonschema==4.26.0
    # via aurelius-protocol (pyproject.toml)
jsonschema-specifications==2025.9.1
    # via jsonschema
markupsafe==3.0.3
    # via jinja2
mpmath==1.3.0
    # via sympy
msgpack==1.2.1
    # via msgpack-numpy-opentensor
msgpack-numpy-opentensor==0.5.0
    # via bittensor
multidict==6.7.1
    # via
    #   aiohttp
    #   yarl
netaddr==1.3.0
    # via bittensor
networkx==3.4.2 ; python_full_version < '3.11'
    # via torch
networkx==3.6.1 ; python_full_version >= '3.11'
    # via torch
numpy==2.2.6 ; python_full_version < '3.11'
    # via
    #   bittensor
    #   faiss-cpu
    #   msgpack-numpy-opentensor
    #   scikit-learn
    #   scipy
    #   transformers
    #   xgboost
numpy==2.4.6 ; python_full_version == '3.11.*'
    # via
    #   bittensor
    #   faiss-cpu
    #   msgpack-numpy-opentensor
    #   scikit-learn
    #   scipy
    #   transformers
    #   xgboost
numpy==2.5.1 ; python_full_version >= '3.12'
    # via
    #   bittensor
    #   faiss-cpu
    #   msgpack-numpy-opentensor
    #   scikit-learn
    #   scipy
    #   transformers
    #   xgboost
nvidia-cublas==13.1.1.3 ; sys_platform == 'linux'
    # via
    #   cuda-toolkit
    #   nvidia-cudnn-cu13
    #   nvidia-cusolver
nvidia-cuda-cupti==13.0.85 ; (platform_machine == 'aarch64' and sys_platform == 'linux') or (platform_machine == 'x86_64' and sys_platform == 'linux')
    # via cuda-toolkit
nvidia-cuda-nvrtc==13.0.88 ; sys_platform == 'linux'
    # via
    #   cuda-toolkit
    #   nvidia-cublas
nvidia-cuda-runtime==13.0.96 ; (platform_machine == 'aarch64' and sys_platform == 'linux') or (platform_machine == 'x86_64' and sys_platform == 'linux')
    # via cuda-toolkit
nvidia-cudnn-cu13==9.20.0.48 ; sys_platform == 'linux'
    # via torch
nvidia-cufft==12.0.0.61 ; (platform_machine == 'aarch64' and sys_platform == 'linux') or (platform_machine == 'x86_64' and sys_platform == 'linux')
    # via cuda-toolkit
nvidia-cufile==1.15.1.6 ; (platform_machine == 'aarch64' and sys_platform == 'linux') or (platform_machine == 'x86_64' and sys_platform == 'linux')
    # via cuda-toolkit
nvidia-curand==10.4.0.35 ; (platform_machine == 'aarch64' and sys_platform == 'linux') or (platform_machine == 'x86_64' and sys_platform == 'linux')
    # via cuda-toolkit
nvidia-cusolver==12.0.4.66 ; (platform_machine == 'aarch64' and sys_platform == 'linux') or (platform_machine == 'x86_64' and sys_platform == 'linux')
    # via cuda-toolkit
nvidia-cusparse==12.6.3.3 ; (platform_machine == 'aarch64' and sys_platform == 'linux') or (platform_machine == 'x86_64' and sys_platform == 'linux')
    # via
    #   cuda-toolkit
    #   nvidia-cusolver
nvidia-cusparselt-cu13==0.8.1 ; sys_platform == 'linux'
    # via torch
nvidia-nccl-cu12==2.30.7 ; platform_machine != 'aarch64' and sys_platform == 'linux'
    # via xgboost
nvidia-nccl-cu13==2.29.7 ; sys_platform == 'linux'
    # via torch
nvidia-nvjitlink==13.3.33 ; (platform_machine == 'aarch64' and sys_platform == 'linux') or (platform_machine == 'x86_64' and sys_platform == 'linux')
    # via
    #   cuda-toolkit
    #   nvidia-cufft
    #   nvidia-cusolver
    #   nvidia-cusparse
nvidia-nvshmem-cu13==3.4.5 ; sys_platform == 'linux'
    # via torch
nvidia-nvtx==13.0.85 ; (platform_machine == 'aarch64' and sys_platform == 'linux') or (platform_machine == 'x86_64' and sys_platform == 'linux')
    # via cuda-toolkit
openai==1.109.1
    # via aurelius-protocol (pyproject.toml)
packaging==26.2
    # via
    #   bittensor
    #   faiss-cpu
    #   huggingface-hub
    #   transformers
pillow==12.3.0
    # via sentence-transformers
propcache==0.5.2
    # via
    #   aiohttp
    #   yarl
py==1.11.0
    # via retry
pycryptodome==3.23.0
    # via bittensor
pydantic==2.13.4
    # via
    #   aurelius-protocol (pyproject.toml)
    #   anthropic
    #   bittensor
    #   fastapi
    #   openai
pydantic-core==2.46.4
    # via pydantic
python-dotenv==1.2.2
    # via aurelius-protocol (pyproject.toml)
python-statemachine==2.6.0
    # via bittensor
pywin32==312 ; sys_platform == 'win32'
    # via docker
pyyaml==6.0.3
    # via
    #   bittensor
    #   huggingface-hub
    #   transformers
referencing==0.37.0
    # via
    #   jsonschema
    #   jsonschema-specifications
regex==2026.7.10
    # via transformers
requests==2.34.2
    # via
    #   bittensor
    #   docker
    #   huggingface-hub
    #   transformers
retry==0.9.2
    # via bittensor
rpds-py==0.30.0 ; python_full_version < '3.11'
    # via
    #   jsonschema
    #   referencing
rpds-py==2026.6.3 ; python_full_version >= '3.11'
    # via
    #   jsonschema
    #   referencing
safetensors==0.8.0
    # via transformers
scikit-learn==1.6.1
    # via
    #   aurelius-protocol (pyproject.toml)
    #   sentence-transformers
scipy==1.15.3 ; python_full_version < '3.11'
    # via
    #   scikit-learn
    #   sentence-transformers
    #   xgboost
scipy==1.17.1 ; python_full_version == '3.11.*'
    # via
    #   scikit-learn
    #   sentence-transformers
    #   xgboost
scipy==1.18.0 ; python_full_version >= '3.12'
    # via
    #   scikit-learn
    #   sentence-transformers
    #   xgboost
sentence-transformers==3.4.1
    # via aurelius-protocol (pyproject.toml)
setuptools==83.0.0
    # via torch
sniffio==1.3.1
    # via
    #   anthropic
    #   openai
starlette==1.3.1
    # via fastapi
sympy==1.14.0
    # via torch
threadpoolctl==3.6.0
    # via scikit-learn
tokenizers==0.22.2
    # via transformers
torch==2.13.0
    # via sentence-transformers
tqdm==4.68.4
    # via
    #   huggingface-hub
    #   openai
    #   sentence-transformers
    #   transformers
transformers==4.57.6
    # via sentence-transformers
triton==3.7.1 ; python_full_version < '3.15' and sys_platform == 'linux'
    # via torch
typing-extensions==4.16.0
    # via
    #   aiohttp
    #   aiosignal
    #   anthropic
    #   anyio
    #   async-substrate-interface
    #   exceptiongroup
    #   fastapi
    #   huggingface-hub
    #   multidict
    #   openai
    #   pydantic
    #   pydantic-core
    #   referencing
    #   starlette
    #   torch
    #   typing-inspection
    #   uvicorn
typing-inspection==0.4.2
    # via
    #   fastapi
    #   pydantic
urllib3==2.7.0
    # via
    #   docker
    #   requests
uvicorn==0.51.0
    # via bittensor
websockets==16.1
    # via async-substrate-interface
xgboost==2.1.4
    # via aurelius-protocol (pyproject.toml)
xxhash==3.8.1
    # via async-substrate-interface
yarl==1.24.2
    # via aiohttp
